// !$*UTF8*$!
{
	archiveVersion = 1;
	classes = {
	};
	objectVersion = 50;
	objects = {

/* Begin PBXBuildFile section */
		7E9BAA87224FCD8C003C6D22 /* GoogleService-Info.plist in Resources */ = {isa = PBXBuildFile; fileRef = 7E9BAA86224FCD8C003C6D22 /* GoogleService-Info.plist */; };
		7E9BAA8D224FD017003C6D22 /* MenuButtonView.swift in Sources */ = {isa = PBXBuildFile; fileRef = 7E9BAA8C224FD017003C6D22 /* MenuButtonView.swift */; };
		7E9BAA8F224FD064003C6D22 /* Message.swift in Sources */ = {isa = PBXBuildFile; fileRef = 7E9BAA8E224FD064003C6D22 /* Message.swift */; };
		7E9BAA91224FD089003C6D22 /* User.swift in Sources */ = {isa = PBXBuildFile; fileRef = 7E9BAA90224FD089003C6D22 /* User.swift */; };
		7E9BAA93224FD091003C6D22 /* Game.swift in Sources */ = {isa = PBXBuildFile; fileRef = 7E9BAA92224FD091003C6D22 /* Game.swift */; };
		7E9BAA95224FD09F003C6D22 /* OpponentUser.swift in Sources */ = {isa = PBXBuildFile; fileRef = 7E9BAA94224FD09F003C6D22 /* OpponentUser.swift */; };
		7E9BAA9C224FD1A3003C6D22 /* MenuViewController.swift in Sources */ = {isa = PBXBuildFile; fileRef = 7E9BAA9B224FD1A3003C6D22 /* MenuViewController.swift */; };
		7E9BAA9E224FD1D3003C6D22 /* ChatViewController.swift in Sources */ = {isa = PBXBuildFile; fileRef = 7E9BAA9D224FD1D3003C6D22 /* ChatViewController.swift */; };
		7E9BAAA0224FD277003C6D22 /* Constants.swift in Sources */ = {isa = PBXBuildFile; fileRef = 7E9BAA9F224FD277003C6D22 /* Constants.swift */; };
		7E9BAAA2224FD2A6003C6D22 /* Service.swift in Sources */ = {isa = PBXBuildFile; fileRef = 7E9BAAA1224FD2A6003C6D22 /* Service.swift */; };
		7E9BAAA5224FD2D1003C6D22 /* String+extensions.swift in Sources */ = {isa = PBXBuildFile; fileRef = 7E9BAAA4224FD2D1003C6D22 /* String+extensions.swift */; };
		7E9BAAA7224FD2FB003C6D22 /* UIColor+extension.swift in Sources */ = {isa = PBXBuildFile; fileRef = 7E9BAAA6224FD2FB003C6D22 /* UIColor+extension.swift */; };
		7E9BAAA9224FD30C003C6D22 /* UIImageView+extension.swift in Sources */ = {isa = PBXBuildFile; fileRef = 7E9BAAA8224FD30C003C6D22 /* UIImageView+extension.swift */; };
		7E9BAAAB224FD4FC003C6D22 /* LoginViewController.swift in Sources */ = {isa = PBXBuildFile; fileRef = 7E9BAAAA224FD4FC003C6D22 /* LoginViewController.swift */; };
		7E9BAAAD224FD5B3003C6D22 /* RegisterViewController.swift in Sources */ = {isa = PBXBuildFile; fileRef = 7E9BAAAC224FD5B2003C6D22 /* RegisterViewController.swift */; };
		7E9BAAAF224FE27E003C6D22 /* PreGameViewController.swift in Sources */ = {isa = PBXBuildFile; fileRef = 7E9BAAAE224FE27E003C6D22 /* PreGameViewController.swift */; };
		7E9BAAB1224FE2A7003C6D22 /* GameViewController.swift in Sources */ = {isa = PBXBuildFile; fileRef = 7E9BAAB0224FE2A7003C6D22 /* GameViewController.swift */; };
		7E9BAAB4225004E7003C6D22 /* ChatTableViewCell.swift in Sources */ = {isa = PBXBuildFile; fileRef = 7E9BAAB2225004E7003C6D22 /* ChatTableViewCell.swift */; };
		7E9BAAB5225004E7003C6D22 /* ChatTableViewCell.xib in Resources */ = {isa = PBXBuildFile; fileRef = 7E9BAAB3225004E7003C6D22 /* ChatTableViewCell.xib */; };
		7E9BAAB8225004FD003C6D22 /* MatchesTableViewCell.swift in Sources */ = {isa = PBXBuildFile; fileRef = 7E9BAAB6225004FD003C6D22 /* MatchesTableViewCell.swift */; };
		7E9BAAB9225004FD003C6D22 /* MatchesTableViewCell.xib in Resources */ = {isa = PBXBuildFile; fileRef = 7E9BAAB7225004FD003C6D22 /* MatchesTableViewCell.xib */; };
		7EE876EE224FC55400B53E7E /* AppDelegate.swift in Sources */ = {isa = PBXBuildFile; fileRef = 7EE876ED224FC55400B53E7E /* AppDelegate.swift */; };
		7EE876F3224FC55500B53E7E /* Main.storyboard in Resources */ = {isa = PBXBuildFile; fileRef = 7EE876F1224FC55500B53E7E /* Main.storyboard */; };
		7EE876F5224FC55A00B53E7E /* Assets.xcassets in Resources */ = {isa = PBXBuildFile; fileRef = 7EE876F4224FC55A00B53E7E /* Assets.xcassets */; };
		7EE876F8224FC55A00B53E7E /* LaunchScreen.storyboard in Resources */ = {isa = PBXBuildFile; fileRef = 7EE876F6224FC55A00B53E7E /* LaunchScreen.storyboard */; };
		A4807C3D9513B4067D09FC53 /* Pods_HawkHackProject2019S.framework in Frameworks */ = {isa = PBXBuildFile; fileRef = D17EAA8C1E184FC4AFE5A0CC /* Pods_HawkHackProject2019S.framework */; };
/* End PBXBuildFile section */

/* Begin PBXFileReference section */
		7E9BAA86224FCD8C003C6D22 /* GoogleService-Info.plist */ = {isa = PBXFileReference; fileEncoding = 4; lastKnownFileType = text.plist.xml; path = "GoogleService-Info.plist"; sourceTree = "<group>"; };
		7E9BAA8C224FD017003C6D22 /* MenuButtonView.swift */ = {isa = PBXFileReference; lastKnownFileType = sourcecode.swift; path = MenuButtonView.swift; sourceTree = "<group>"; };
		7E9BAA8E224FD064003C6D22 /* Message.swift */ = {isa = PBXFileReference; lastKnownFileType = sourcecode.swift; path = Message.swift; sourceTree = "<group>"; };
		7E9BAA90224FD089003C6D22 /* User.swift */ = {isa = PBXFileReference; lastKnownFileType = sourcecode.swift; path = User.swift; sourceTree = "<group>"; };
		7E9BAA92224FD091003C6D22 /* Game.swift */ = {isa = PBXFileReference; lastKnownFileType = sourcecode.swift; path = Game.swift; sourceTree = "<group>"; };
		7E9BAA94224FD09F003C6D22 /* OpponentUser.swift */ = {isa = PBXFileReference; lastKnownFileType = sourcecode.swift; path = OpponentUser.swift; sourceTree = "<group>"; };
		7E9BAA9B224FD1A3003C6D22 /* MenuViewController.swift */ = {isa = PBXFileReference; lastKnownFileType = sourcecode.swift; path = MenuViewController.swift; sourceTree = "<group>"; };
		7E9BAA9D224FD1D3003C6D22 /* ChatViewController.swift */ = {isa = PBXFileReference; lastKnownFileType = sourcecode.swift; path = ChatViewController.swift; sourceTree = "<group>"; };
		7E9BAA9F224FD277003C6D22 /* Constants.swift */ = {isa = PBXFileReference; lastKnownFileType = sourcecode.swift; path = Constants.swift; sourceTree = "<group>"; };
		7E9BAAA1224FD2A6003C6D22 /* Service.swift */ = {isa = PBXFileReference; lastKnownFileType = sourcecode.swift; path = Service.swift; sourceTree = "<group>"; };
		7E9BAAA4224FD2D1003C6D22 /* String+extensions.swift */ = {isa = PBXFileReference; lastKnownFileType = sourcecode.swift; path = "String+extensions.swift"; sourceTree = "<group>"; };
		7E9BAAA6224FD2FB003C6D22 /* UIColor+extension.swift */ = {isa = PBXFileReference; lastKnownFileType = sourcecode.swift; path = "UIColor+extension.swift"; sourceTree = "<group>"; };
		7E9BAAA8224FD30C003C6D22 /* UIImageView+extension.swift */ = {isa = PBXFileReference; lastKnownFileType = sourcecode.swift; path = "UIImageView+extension.swift"; sourceTree = "<group>"; };
		7E9BAAAA224FD4FC003C6D22 /* LoginViewController.swift */ = {isa = PBXFileReference; lastKnownFileType = sourcecode.swift; path = LoginViewController.swift; sourceTree = "<group>"; };
		7E9BAAAC224FD5B2003C6D22 /* RegisterViewController.swift */ = {isa = PBXFileReference; lastKnownFileType = sourcecode.swift; path = RegisterViewController.swift; sourceTree = "<group>"; };
		7E9BAAAE224FE27E003C6D22 /* PreGameViewController.swift */ = {isa = PBXFileReference; lastKnownFileType = sourcecode.swift; path = PreGameViewController.swift; sourceTree = "<group>"; };
		7E9BAAB0224FE2A7003C6D22 /* GameViewController.swift */ = {isa = PBXFileReference; lastKnownFileType = sourcecode.swift; path = GameViewController.swift; sourceTree = "<group>"; };
		7E9BAAB2225004E7003C6D22 /* ChatTableViewCell.swift */ = {isa = PBXFileReference; lastKnownFileType = sourcecode.swift; path = ChatTableViewCell.swift; sourceTree = "<group>"; };
		7E9BAAB3225004E7003C6D22 /* ChatTableViewCell.xib */ = {isa = PBXFileReference; lastKnownFileType = file.xib; path = ChatTableViewCell.xib; sourceTree = "<group>"; };
		7E9BAAB6225004FD003C6D22 /* MatchesTableViewCell.swift */ = {isa = PBXFileReference; lastKnownFileType = sourcecode.swift; path = MatchesTableViewCell.swift; sourceTree = "<group>"; };
		7E9BAAB7225004FD003C6D22 /* MatchesTableViewCell.xib */ = {isa = PBXFileReference; lastKnownFileType = file.xib; path = MatchesTableViewCell.xib; sourceTree = "<group>"; };
		7EE876EA224FC55400B53E7E /* HawkHackProject2019S.app */ = {isa = PBXFileReference; explicitFileType = wrapper.application; includeInIndex = 0; path = HawkHackProject2019S.app; sourceTree = BUILT_PRODUCTS_DIR; };
		7EE876ED224FC55400B53E7E /* AppDelegate.swift */ = {isa = PBXFileReference; lastKnownFileType = sourcecode.swift; path = AppDelegate.swift; sourceTree = "<group>"; };
		7EE876F2224FC55500B53E7E /* Base */ = {isa = PBXFileReference; lastKnownFileType = file.storyboard; name = Base; path = Base.lproj/Main.storyboard; sourceTree = "<group>"; };
		7EE876F4224FC55A00B53E7E /* Assets.xcassets */ = {isa = PBXFileReference; lastKnownFileType = folder.assetcatalog; path = Assets.xcassets; sourceTree = "<group>"; };
		7EE876F7224FC55A00B53E7E /* Base */ = {isa = PBXFileReference; lastKnownFileType = file.storyboard; name = Base; path = Base.lproj/LaunchScreen.storyboard; sourceTree = "<group>"; };
		7EE876F9224FC55A00B53E7E /* Info.plist */ = {isa = PBXFileReference; lastKnownFileType = text.plist.xml; path = Info.plist; sourceTree = "<group>"; };
		C1ADFB1033EF7E6F34E8C73C /* Pods-HawkHackProject2019S.debug.xcconfig */ = {isa = PBXFileReference; includeInIndex = 1; lastKnownFileType = text.xcconfig; name = "Pods-HawkHackProject2019S.debug.xcconfig"; path = "Pods/Target Support Files/Pods-HawkHackProject2019S/Pods-HawkHackProject2019S.debug.xcconfig"; sourceTree = "<group>"; };
		CF1265AECB9D40FC02E2868C /* Pods-HawkHackProject2019S.release.xcconfig */ = {isa = PBXFileReference; includeInIndex = 1; lastKnownFileType = text.xcconfig; name = "Pods-HawkHackProject2019S.release.xcconfig"; path = "Pods/Target Support Files/Pods-HawkHackProject2019S/Pods-HawkHackProject2019S.release.xcconfig"; sourceTree = "<group>"; };
		D17EAA8C1E184FC4AFE5A0CC /* Pods_HawkHackProject2019S.framework */ = {isa = PBXFileReference; explicitFileType = wrapper.framework; includeInIndex = 0; path = Pods_HawkHackProject2019S.framework; sourceTree = BUILT_PRODUCTS_DIR; };
/* End PBXFileReference section */

/* Begin PBXFrameworksBuildPhase section */
		7EE876E7224FC55400B53E7E /* Frameworks */ = {
			isa = PBXFrameworksBuildPhase;
			buildActionMask = 2147483647;
			files = (
				A4807C3D9513B4067D09FC53 /* Pods_HawkHackProject2019S.framework in Frameworks */,
			);
			runOnlyForDeploymentPostprocessing = 0;
		};
/* End PBXFrameworksBuildPhase section */

/* Begin PBXGroup section */
		0E79357D2C8559FDBC6531B3 /* Frameworks */ = {
			isa = PBXGroup;
			children = (
				D17EAA8C1E184FC4AFE5A0CC /* Pods_HawkHackProject2019S.framework */,
			);
			name = Frameworks;
			sourceTree = "<group>";
		};
		7E9BAA88224FCFCE003C6D22 /* Helpers */ = {
			isa = PBXGroup;
			children = (
				7E9BAA9F224FD277003C6D22 /* Constants.swift */,
				7E9BAAA1224FD2A6003C6D22 /* Service.swift */,
				7E9BAAA3224FD2BC003C6D22 /* Extensions */,
			);
			path = Helpers;
			sourceTree = "<group>";
		};
		7E9BAA89224FCFD6003C6D22 /* Controllers */ = {
			isa = PBXGroup;
			children = (
				7E9BAA9A224FD183003C6D22 /* Game */,
				7E9BAA99224FD0F1003C6D22 /* Login */,
				7E9BAA98224FD0E3003C6D22 /* Chat */,
				7E9BAA97224FD0D6003C6D22 /* MainMenu */,
			);
			path = Controllers;
			sourceTree = "<group>";
		};
		7E9BAA8A224FCFD9003C6D22 /* Views */ = {
			isa = PBXGroup;
			children = (
				7E9BAA8C224FD017003C6D22 /* MenuButtonView.swift */,
				7E9BAA96224FD0B2003C6D22 /* Cells */,
			);
			path = Views;
			sourceTree = "<group>";
		};
		7E9BAA8B224FCFDC003C6D22 /* Model */ = {
			isa = PBXGroup;
			children = (
				7E9BAA8E224FD064003C6D22 /* Message.swift */,
				7E9BAA90224FD089003C6D22 /* User.swift */,
				7E9BAA92224FD091003C6D22 /* Game.swift */,
				7E9BAA94224FD09F003C6D22 /* OpponentUser.swift */,
			);
			path = Model;
			sourceTree = "<group>";
		};
		7E9BAA96224FD0B2003C6D22 /* Cells */ = {
			isa = PBXGroup;
			children = (
				7E9BAAB2225004E7003C6D22 /* ChatTableViewCell.swift */,
				7E9BAAB3225004E7003C6D22 /* ChatTableViewCell.xib */,
				7E9BAAB6225004FD003C6D22 /* MatchesTableViewCell.swift */,
				7E9BAAB7225004FD003C6D22 /* MatchesTableViewCell.xib */,
			);
			path = Cells;
			sourceTree = "<group>";
		};
		7E9BAA97224FD0D6003C6D22 /* MainMenu */ = {
			isa = PBXGroup;
			children = (
				7E9BAA9B224FD1A3003C6D22 /* MenuViewController.swift */,
			);
			path = MainMenu;
			sourceTree = "<group>";
		};
		7E9BAA98224FD0E3003C6D22 /* Chat */ = {
			isa = PBXGroup;
			children = (
				7E9BAA9D224FD1D3003C6D22 /* ChatViewController.swift */,
			);
			path = Chat;
			sourceTree = "<group>";
		};
		7E9BAA99224FD0F1003C6D22 /* Login */ = {
			isa = PBXGroup;
			children = (
				7E9BAAAA224FD4FC003C6D22 /* LoginViewController.swift */,
				7E9BAAAC224FD5B2003C6D22 /* RegisterViewController.swift */,
			);
			path = Login;
			sourceTree = "<group>";
		};
		7E9BAA9A224FD183003C6D22 /* Game */ = {
			isa = PBXGroup;
			children = (
				7E9BAAAE224FE27E003C6D22 /* PreGameViewController.swift */,
				7E9BAAB0224FE2A7003C6D22 /* GameViewController.swift */,
			);
			path = Game;
			sourceTree = "<group>";
		};
		7E9BAAA3224FD2BC003C6D22 /* Extensions */ = {
			isa = PBXGroup;
			children = (
				7E9BAAA4224FD2D1003C6D22 /* String+extensions.swift */,
				7E9BAAA6224FD2FB003C6D22 /* UIColor+extension.swift */,
				7E9BAAA8224FD30C003C6D22 /* UIImageView+extension.swift */,
			);
			path = Extensions;
			sourceTree = "<group>";
		};
		7EE876E1224FC55400B53E7E = {
			isa = PBXGroup;
			children = (
				7EE876EC224FC55400B53E7E /* HawkHackProject2019S */,
				7EE876EB224FC55400B53E7E /* Products */,
				F198400253A37F22B752A404 /* Pods */,
				0E79357D2C8559FDBC6531B3 /* Frameworks */,
			);
			sourceTree = "<group>";
		};
		7EE876EB224FC55400B53E7E /* Products */ = {
			isa = PBXGroup;
			children = (
				7EE876EA224FC55400B53E7E /* HawkHackProject2019S.app */,
			);
			name = Products;
			sourceTree = "<group>";
		};
		7EE876EC224FC55400B53E7E /* HawkHackProject2019S */ = {
			isa = PBXGroup;
			children = (
				7EE876ED224FC55400B53E7E /* AppDelegate.swift */,
				7EE876F1224FC55500B53E7E /* Main.storyboard */,
				7E9BAA8B224FCFDC003C6D22 /* Model */,
				7E9BAA8A224FCFD9003C6D22 /* Views */,
				7E9BAA89224FCFD6003C6D22 /* Controllers */,
				7E9BAA88224FCFCE003C6D22 /* Helpers */,
				7EE876F4224FC55A00B53E7E /* Assets.xcassets */,
				7EE876F6224FC55A00B53E7E /* LaunchScreen.storyboard */,
				7EE876F9224FC55A00B53E7E /* Info.plist */,
				7E9BAA86224FCD8C003C6D22 /* GoogleService-Info.plist */,
			);
			path = HawkHackProject2019S;
			sourceTree = "<group>";
		};
		F198400253A37F22B752A404 /* Pods */ = {
			isa = PBXGroup;
			children = (
				C1ADFB1033EF7E6F34E8C73C /* Pods-HawkHackProject2019S.debug.xcconfig */,
				CF1265AECB9D40FC02E2868C /* Pods-HawkHackProject2019S.release.xcconfig */,
			);
			name = Pods;
			sourceTree = "<group>";
		};
/* End PBXGroup section */

/* Begin PBXNativeTarget section */
		7EE876E9224FC55400B53E7E /* HawkHackProject2019S */ = {
			isa = PBXNativeTarget;
			buildConfigurationList = 7EE876FC224FC55A00B53E7E /* Build configuration list for PBXNativeTarget "HawkHackProject2019S" */;
			buildPhases = (
				2E44EEB920E7EC451CE50969 /* [CP] Check Pods Manifest.lock */,
				7EE876E6224FC55400B53E7E /* Sources */,
				7EE876E7224FC55400B53E7E /* Frameworks */,
				7EE876E8224FC55400B53E7E /* Resources */,
				7915C8A680FEE3F100E97BF6 /* [CP] Embed Pods Frameworks */,
			);
			buildRules = (
			);
			dependencies = (
			);
			name = HawkHackProject2019S;
			productName = HawkHackProject2019S;
			productReference = 7EE876EA224FC55400B53E7E /* HawkHackProject2019S.app */;
			productType = "com.apple.product-type.application";
		};
/* End PBXNativeTarget section */

/* Begin PBXProject section */
		7EE876E2224FC55400B53E7E /* Project object */ = {
			isa = PBXProject;
			attributes = {
				LastSwiftUpdateCheck = 1020;
				LastUpgradeCheck = 1020;
				ORGANIZATIONNAME = "Samuel Folledo";
				TargetAttributes = {
					7EE876E9224FC55400B53E7E = {
						CreatedOnToolsVersion = 10.2;
					};
				};
			};
			buildConfigurationList = 7EE876E5224FC55400B53E7E /* Build configuration list for PBXProject "HawkHackProject2019S" */;
			compatibilityVersion = "Xcode 9.3";
			developmentRegion = en;
			hasScannedForEncodings = 0;
			knownRegions = (
				en,
				Base,
			);
			mainGroup = 7EE876E1224FC55400B53E7E;
			productRefGroup = 7EE876EB224FC55400B53E7E /* Products */;
			projectDirPath = "";
			projectRoot = "";
			targets = (
				7EE876E9224FC55400B53E7E /* HawkHackProject2019S */,
			);
		};
/* End PBXProject section */

/* Begin PBXResourcesBuildPhase section */
		7EE876E8224FC55400B53E7E /* Resources */ = {
			isa = PBXResourcesBuildPhase;
			buildActionMask = 2147483647;
			files = (
				7EE876F8224FC55A00B53E7E /* LaunchScreen.storyboard in Resources */,
				7E9BAA87224FCD8C003C6D22 /* GoogleService-Info.plist in Resources */,
				7E9BAAB5225004E7003C6D22 /* ChatTableViewCell.xib in Resources */,
				7EE876F5224FC55A00B53E7E /* Assets.xcassets in Resources */,
				7EE876F3224FC55500B53E7E /* Main.storyboard in Resources */,
				7E9BAAB9225004FD003C6D22 /* MatchesTableViewCell.xib in Resources */,
			);
			runOnlyForDeploymentPostprocessing = 0;
		};
/* End PBXResourcesBuildPhase section */

/* Begin PBXShellScriptBuildPhase section */
		2E44EEB920E7EC451CE50969 /* [CP] Check Pods Manifest.lock */ = {
			isa = PBXShellScriptBuildPhase;
			buildActionMask = 2147483647;
			files = (
			);
			inputPaths = (
				"${PODS_PODFILE_DIR_PATH}/Podfile.lock",
				"${PODS_ROOT}/Manifest.lock",
			);
			name = "[CP] Check Pods Manifest.lock";
			outputPaths = (
				"$(DERIVED_FILE_DIR)/Pods-HawkHackProject2019S-checkManifestLockResult.txt",
			);
			runOnlyForDeploymentPostprocessing = 0;
			shellPath = /bin/sh;
			shellScript = "diff \"${PODS_PODFILE_DIR_PATH}/Podfile.lock\" \"${PODS_ROOT}/Manifest.lock\" > /dev/null\nif [ $? != 0 ] ; then\n    # print error to STDERR\n    echo \"error: The sandbox is not in sync with the Podfile.lock. Run 'pod install' or update your CocoaPods installation.\" >&2\n    exit 1\nfi\n# This output is used by Xcode 'outputs' to avoid re-running this script phase.\necho \"SUCCESS\" > \"${SCRIPT_OUTPUT_FILE_0}\"\n";
			showEnvVarsInLog = 0;
		};
		7915C8A680FEE3F100E97BF6 /* [CP] Embed Pods Frameworks */ = {
			isa = PBXShellScriptBuildPhase;
			buildActionMask = 2147483647;
			files = (
			);
			inputPaths = (
				"${SRCROOT}/Pods/Target Support Files/Pods-HawkHackProject2019S/Pods-HawkHackProject2019S-frameworks.sh",
				"${BUILT_PRODUCTS_DIR}/GTMSessionFetcher/GTMSessionFetcher.framework",
				"${BUILT_PRODUCTS_DIR}/GoogleUtilities/GoogleUtilities.framework",
				"${BUILT_PRODUCTS_DIR}/Protobuf/Protobuf.framework",
				"${BUILT_PRODUCTS_DIR}/leveldb-library/leveldb.framework",
				"${BUILT_PRODUCTS_DIR}/nanopb/nanopb.framework",
			);
			name = "[CP] Embed Pods Frameworks";
			outputPaths = (
				"${TARGET_BUILD_DIR}/${FRAMEWORKS_FOLDER_PATH}/GTMSessionFetcher.framework",
				"${TARGET_BUILD_DIR}/${FRAMEWORKS_FOLDER_PATH}/GoogleUtilities.framework",
				"${TARGET_BUILD_DIR}/${FRAMEWORKS_FOLDER_PATH}/Protobuf.framework",
				"${TARGET_BUILD_DIR}/${FRAMEWORKS_FOLDER_PATH}/leveldb.framework",
				"${TARGET_BUILD_DIR}/${FRAMEWORKS_FOLDER_PATH}/nanopb.framework",
			);
			runOnlyForDeploymentPostprocessing = 0;
			shellPath = /bin/sh;
			shellScript = "\"${SRCROOT}/Pods/Target Support Files/Pods-HawkHackProject2019S/Pods-HawkHackProject2019S-frameworks.sh\"\n";
			showEnvVarsInLog = 0;
		};
/* End PBXShellScriptBuildPhase section */

/* Begin PBXSourcesBuildPhase section */
		7EE876E6224FC55400B53E7E /* Sources */ = {
			isa = PBXSourcesBuildPhase;
			buildActionMask = 2147483647;
			files = (
				7E9BAAAB224FD4FC003C6D22 /* LoginViewController.swift in Sources */,
				7E9BAA95224FD09F003C6D22 /* OpponentUser.swift in Sources */,
				7E9BAA8D224FD017003C6D22 /* MenuButtonView.swift in Sources */,
				7E9BAAB4225004E7003C6D22 /* ChatTableViewCell.swift in Sources */,
				7E9BAAA5224FD2D1003C6D22 /* String+extensions.swift in Sources */,
				7E9BAAA7224FD2FB003C6D22 /* UIColor+extension.swift in Sources */,
				7E9BAA9E224FD1D3003C6D22 /* ChatViewController.swift in Sources */,
				7E9BAAB1224FE2A7003C6D22 /* GameViewController.swift in Sources */,
				7E9BAAAF224FE27E003C6D22 /* PreGameViewController.swift in Sources */,
				7E9BAAAD224FD5B3003C6D22 /* RegisterViewController.swift in Sources */,
				7E9BAA93224FD091003C6D22 /* Game.swift in Sources */,
				7E9BAAA9224FD30C003C6D22 /* UIImageView+extension.swift in Sources */,
				7E9BAA9C224FD1A3003C6D22 /* MenuViewController.swift in Sources */,
				7E9BAA8F224FD064003C6D22 /* Message.swift in Sources */,
				7E9BAAB8225004FD003C6D22 /* MatchesTableViewCell.swift in Sources */,
				7E9BAA91224FD089003C6D22 /* User.swift in Sources */,
				7E9BAAA2224FD2A6003C6D22 /* Service.swift in Sources */,
				7EE876EE224FC55400B53E7E /* AppDelegate.swift in Sources */,
				7E9BAAA0224FD277003C6D22 /* Constants.swift in Sources */,
			);
			runOnlyForDeploymentPostprocessing = 0;
		};
/* End PBXSourcesBuildPhase section */

/* Begin PBXVariantGroup section */
		7EE876F1224FC55500B53E7E /* Main.storyboard */ = {
			isa = PBXVariantGroup;
			children = (
				7EE876F2224FC55500B53E7E /* Base */,
			);
			name = Main.storyboard;
			sourceTree = "<group>";
		};
		7EE876F6224FC55A00B53E7E /* LaunchScreen.storyboard */ = {
			isa = PBXVariantGroup;
			children = (
				7EE876F7224FC55A00B53E7E /* Base */,
			);
			name = LaunchScreen.storyboard;
			sourceTree = "<group>";
		};
/* End PBXVariantGroup section */

/* Begin XCBuildConfiguration section */
		7EE876FA224FC55A00B53E7E /* Debug */ = {
			isa = XCBuildConfiguration;
			buildSettings = {
				ALWAYS_SEARCH_USER_PATHS = NO;
				CLANG_ANALYZER_NONNULL = YES;
				CLANG_ANALYZER_NUMBER_OBJECT_CONVERSION = YES_AGGRESSIVE;
				CLANG_CXX_LANGUAGE_STANDARD = "gnu++14";
				CLANG_CXX_LIBRARY = "libc++";
				CLANG_ENABLE_MODULES = YES;
				CLANG_ENABLE_OBJC_ARC = YES;
				CLANG_ENABLE_OBJC_WEAK = YES;
				CLANG_WARN_BLOCK_CAPTURE_AUTORELEASING = YES;
				CLANG_WARN_BOOL_CONVERSION = YES;
				CLANG_WARN_COMMA = YES;
				CLANG_WARN_CONSTANT_CONVERSION = YES;
				CLANG_WARN_DEPRECATED_OBJC_IMPLEMENTATIONS = YES;
				CLANG_WARN_DIRECT_OBJC_ISA_USAGE = YES_ERROR;
				CLANG_WARN_DOCUMENTATION_COMMENTS = YES;
				CLANG_WARN_EMPTY_BODY = YES;
				CLANG_WARN_ENUM_CONVERSION = YES;
				CLANG_WARN_INFINITE_RECURSION = YES;
				CLANG_WARN_INT_CONVERSION = YES;
				CLANG_WARN_NON_LITERAL_NULL_CONVERSION = YES;
				CLANG_WARN_OBJC_IMPLICIT_RETAIN_SELF = YES;
				CLANG_WARN_OBJC_LITERAL_CONVERSION = YES;
				CLANG_WARN_OBJC_ROOT_CLASS = YES_ERROR;
				CLANG_WARN_RANGE_LOOP_ANALYSIS = YES;
				CLANG_WARN_STRICT_PROTOTYPES = YES;
				CLANG_WARN_SUSPICIOUS_MOVE = YES;
				CLANG_WARN_UNGUARDED_AVAILABILITY = YES_AGGRESSIVE;
				CLANG_WARN_UNREACHABLE_CODE = YES;
				CLANG_WARN__DUPLICATE_METHOD_MATCH = YES;
				CODE_SIGN_IDENTITY = "iPhone Developer";
				COPY_PHASE_STRIP = NO;
				DEBUG_INFORMATION_FORMAT = dwarf;
				ENABLE_STRICT_OBJC_MSGSEND = YES;
				ENABLE_TESTABILITY = YES;
				GCC_C_LANGUAGE_STANDARD = gnu11;
				GCC_DYNAMIC_NO_PIC = NO;
				GCC_NO_COMMON_BLOCKS = YES;
				GCC_OPTIMIZATION_LEVEL = 0;
				GCC_PREPROCESSOR_DEFINITIONS = (
					"DEBUG=1",
					"$(inherited)",
				);
				GCC_WARN_64_TO_32_BIT_CONVERSION = YES;
				GCC_WARN_ABOUT_RETURN_TYPE = YES_ERROR;
				GCC_WARN_UNDECLARED_SELECTOR = YES;
				GCC_WARN_UNINITIALIZED_AUTOS = YES_AGGRESSIVE;
				GCC_WARN_UNUSED_FUNCTION = YES;
				GCC_WARN_UNUSED_VARIABLE = YES;
				IPHONEOS_DEPLOYMENT_TARGET = 12.2;
				MTL_ENABLE_DEBUG_INFO = INCLUDE_SOURCE;
				MTL_FAST_MATH = YES;
				ONLY_ACTIVE_ARCH = YES;
				SDKROOT = iphoneos;
				SWIFT_ACTIVE_COMPILATION_CONDITIONS = DEBUG;
				SWIFT_OPTIMIZATION_LEVEL = "-Onone";
			};
			name = Debug;
		};
		7EE876FB224FC55A00B53E7E /* Release */ = {
			isa = XCBuildConfiguration;
			buildSettings = {
				ALWAYS_SEARCH_USER_PATHS = NO;
				CLANG_ANALYZER_NONNULL = YES;
				CLANG_ANALYZER_NUMBER_OBJECT_CONVERSION = YES_AGGRESSIVE;
				CLANG_CXX_LANGUAGE_STANDARD = "gnu++14";
				CLANG_CXX_LIBRARY = "libc++";
				CLANG_ENABLE_MODULES = YES;
				CLANG_ENABLE_OBJC_ARC = YES;
				CLANG_ENABLE_OBJC_WEAK = YES;
				CLANG_WARN_BLOCK_CAPTURE_AUTORELEASING = YES;
				CLANG_WARN_BOOL_CONVERSION = YES;
				CLANG_WARN_COMMA = YES;
				CLANG_WARN_CONSTANT_CONVERSION = YES;
				CLANG_WARN_DEPRECATED_OBJC_IMPLEMENTATIONS = YES;
				CLANG_WARN_DIRECT_OBJC_ISA_USAGE = YES_ERROR;
				CLANG_WARN_DOCUMENTATION_COMMENTS = YES;
				CLANG_WARN_EMPTY_BODY = YES;
				CLANG_WARN_ENUM_CONVERSION = YES;
				CLANG_WARN_INFINITE_RECURSION = YES;
				CLANG_WARN_INT_CONVERSION = YES;
				CLANG_WARN_NON_LITERAL_NULL_CONVERSION = YES;
				CLANG_WARN_OBJC_IMPLICIT_RETAIN_SELF = YES;
				CLANG_WARN_OBJC_LITERAL_CONVERSION = YES;
				CLANG_WARN_OBJC_ROOT_CLASS = YES_ERROR;
				CLANG_WARN_RANGE_LOOP_ANALYSIS = YES;
				CLANG_WARN_STRICT_PROTOTYPES = YES;
				CLANG_WARN_SUSPICIOUS_MOVE = YES;
				CLANG_WARN_UNGUARDED_AVAILABILITY = YES_AGGRESSIVE;
				CLANG_WARN_UNREACHABLE_CODE = YES;
				CLANG_WARN__DUPLICATE_METHOD_MATCH = YES;
				CODE_SIGN_IDENTITY = "iPhone Developer";
				COPY_PHASE_STRIP = NO;
				DEBUG_INFORMATION_FORMAT = "dwarf-with-dsym";
				ENABLE_NS_ASSERTIONS = NO;
				ENABLE_STRICT_OBJC_MSGSEND = YES;
				GCC_C_LANGUAGE_STANDARD = gnu11;
				GCC_NO_COMMON_BLOCKS = YES;
				GCC_WARN_64_TO_32_BIT_CONVERSION = YES;
				GCC_WARN_ABOUT_RETURN_TYPE = YES_ERROR;
				GCC_WARN_UNDECLARED_SELECTOR = YES;
				GCC_WARN_UNINITIALIZED_AUTOS = YES_AGGRESSIVE;
				GCC_WARN_UNUSED_FUNCTION = YES;
				GCC_WARN_UNUSED_VARIABLE = YES;
				IPHONEOS_DEPLOYMENT_TARGET = 12.2;
				MTL_ENABLE_DEBUG_INFO = NO;
				MTL_FAST_MATH = YES;
				SDKROOT = iphoneos;
				SWIFT_COMPILATION_MODE = wholemodule;
				SWIFT_OPTIMIZATION_LEVEL = "-O";
				VALIDATE_PRODUCT = YES;
			};
			name = Release;
		};
		7EE876FD224FC55A00B53E7E /* Debug */ = {
			isa = XCBuildConfiguration;
			baseConfigurationReference = C1ADFB1033EF7E6F34E8C73C /* Pods-HawkHackProject2019S.debug.xcconfig */;
			buildSettings = {
				ASSETCATALOG_COMPILER_APPICON_NAME = AppIcon;
				CODE_SIGN_STYLE = Automatic;
				DEVELOPMENT_TEAM = 8KSKUH7X29;
				INFOPLIST_FILE = HawkHackProject2019S/Info.plist;
				IPHONEOS_DEPLOYMENT_TARGET = 12.1;
				LD_RUNPATH_SEARCH_PATHS = (
					"$(inherited)",
					"@executable_path/Frameworks",
				);
				PRODUCT_BUNDLE_IDENTIFIER = com.FolledoSwag.HawkHackProject2019S;
				PRODUCT_NAME = "$(TARGET_NAME)";
				SWIFT_VERSION = 5.0;
				TARGETED_DEVICE_FAMILY = "1,2";
			};
			name = Debug;
		};
		7EE876FE224FC55A00B53E7E /* Release */ = {
			isa = XCBuildConfiguration;
			baseConfigurationReference = CF1265AECB9D40FC02E2868C /* Pods-HawkHackProject2019S.release.xcconfig */;
			buildSettings = {
				ASSETCATALOG_COMPILER_APPICON_NAME = AppIcon;
				CODE_SIGN_STYLE = Automatic;
				DEVELOPMENT_TEAM = 8KSKUH7X29;
				INFOPLIST_FILE = HawkHackProject2019S/Info.plist;
				IPHONEOS_DEPLOYMENT_TARGET = 12.1;
				LD_RUNPATH_SEARCH_PATHS = (
					"$(inherited)",
					"@executable_path/Frameworks",
				);
				PRODUCT_BUNDLE_IDENTIFIER = com.FolledoSwag.HawkHackProject2019S;
				PRODUCT_NAME = "$(TARGET_NAME)";
				SWIFT_VERSION = 5.0;
				TARGETED_DEVICE_FAMILY = "1,2";
			};
			name = Release;
		};
/* End XCBuildConfiguration section */

/* Begin XCConfigurationList section */
		7EE876E5224FC55400B53E7E /* Build configuration list for PBXProject "HawkHackProject2019S" */ = {
			isa = XCConfigurationList;
			buildConfigurations = (
				7EE876FA224FC55A00B53E7E /* Debug */,
				7EE876FB224FC55A00B53E7E /* Release */,
			);
			defaultConfigurationIsVisible = 0;
			defaultConfigurationName = Release;
		};
		7EE876FC224FC55A00B53E7E /* Build configuration list for PBXNativeTarget "HawkHackProject2019S" */ = {
			isa = XCConfigurationList;
			buildConfigurations = (
				7EE876FD224FC55A00B53E7E /* Debug */,
				7EE876FE224FC55A00B53E7E /* Release */,
			);
			defaultConfigurationIsVisible = 0;
			defaultConfigurationName = Release;
		};
/* End XCConfigurationList section */
	};
	rootObject = 7EE876E2224FC55400B53E7E /* Project object */;
}
